
Microsoft Visual Studio Solution File, Format Version 12.00
# Visual Studio Version 16
VisualStudioVersion = 16.0.36422.26
MinimumVisualStudioVersion = 10.0.40219.1
Project("{FAE04EC0-301F-11D3-BF4B-00C04F79EFBC}") = "Online_Doctor_Appointment_System", "Online_Doctor_Appointment_System\Online_Doctor_Appointment_System.csproj", "{302AE65B-9481-4B84-B9BA-67875EBF4003}"
EndProject
Global
	GlobalSection(SolutionConfigurationPlatforms) = preSolution
		Debug|Any CPU = Debug|Any CPU
		Release|Any CPU = Release|Any CPU
	EndGlobalSection
	GlobalSection(ProjectConfigurationPlatforms) = postSolution
		{302AE65B-9481-4B84-B9BA-67875EBF4003}.Debug|Any CPU.ActiveCfg = Debug|Any CPU
		{302AE65B-9481-4B84-B9BA-67875EBF4003}.Debug|Any CPU.Build.0 = Debug|Any CPU
		{302AE65B-9481-4B84-B9BA-67875EBF4003}.Release|Any CPU.ActiveCfg = Release|Any CPU
		{302AE65B-9481-4B84-B9BA-67875EBF4003}.Release|Any CPU.Build.0 = Release|Any CPU
	EndGlobalSection
	GlobalSection(SolutionProperties) = preSolution
		HideSolutionNode = FALSE
	EndGlobalSection
	GlobalSection(ExtensibilityGlobals) = postSolution
		SolutionGuid = {B7058C1B-E776-4046-9622-2D660E642817}
	EndGlobalSection
EndGlobal
